
Microsoft Visual Studio Solution File, Format Version 10.00
# Visual Studio 2008
Project("{FAE04EC0-301F-11D3-BF4B-00C04F79EFBC}") = "SEMC.CrashLink.BackgroudService", "SEMC.CrashLink.BackgroudService\SEMC.CrashLink.BackgroudService.csproj", "{7ABB5166-11B5-4D41-9485-A9EE9C79B8A3}"
EndProject
Global
	GlobalSection(SourceCodeControl) = preSolution
		SccNumberOfProjects = 2
		SccLocalPath0 = .
		SccProjectUniqueName1 = SEMC.CrashLink.BackgroudService\\SEMC.CrashLink.BackgroudService.csproj
		SccLocalPath1 = .
		SccProjectFilePathRelativizedFromConnection1 = SEMC.CrashLink.BackgroudService\\
	EndGlobalSection
	GlobalSection(SolutionConfigurationPlatforms) = preSolution
		Debug|Any CPU = Debug|Any CPU
		Release|Any CPU = Release|Any CPU
	EndGlobalSection
	GlobalSection(ProjectConfigurationPlatforms) = postSolution
		{7ABB5166-11B5-4D41-9485-A9EE9C79B8A3}.Debug|Any CPU.ActiveCfg = Debug|Any CPU
		{7ABB5166-11B5-4D41-9485-A9EE9C79B8A3}.Debug|Any CPU.Build.0 = Debug|Any CPU
		{7ABB5166-11B5-4D41-9485-A9EE9C79B8A3}.Release|Any CPU.ActiveCfg = Release|Any CPU
		{7ABB5166-11B5-4D41-9485-A9EE9C79B8A3}.Release|Any CPU.Build.0 = Release|Any CPU
	EndGlobalSection
	GlobalSection(SolutionProperties) = preSolution
		HideSolutionNode = FALSE
	EndGlobalSection
EndGlobal
